
Microsoft Visual Studio Solution File, Format Version 12.00
# Visual Studio Version 17
VisualStudioVersion = 17.4.33205.214
MinimumVisualStudioVersion = 10.0.40219.1
Project("{FAE04EC0-301F-11D3-BF4B-00C04F79EFBC}") = "MRT", "MRT\MRT.csproj", "{9B8FEE7E-1DD8-432E-9ADF-9EB9A823A49F}"
EndProject
Global
	GlobalSection(SolutionConfigurationPlatforms) = preSolution
		Debug|Any CPU = Debug|Any CPU
		Release|Any CPU = Release|Any CPU
	EndGlobalSection
	GlobalSection(ProjectConfigurationPlatforms) = postSolution
		{9B8FEE7E-1DD8-432E-9ADF-9EB9A823A49F}.Debug|Any CPU.ActiveCfg = Debug|Any CPU
		{9B8FEE7E-1DD8-432E-9ADF-9EB9A823A49F}.Debug|Any CPU.Build.0 = Debug|Any CPU
		{9B8FEE7E-1DD8-432E-9ADF-9EB9A823A49F}.Release|Any CPU.ActiveCfg = Release|Any CPU
		{9B8FEE7E-1DD8-432E-9ADF-9EB9A823A49F}.Release|Any CPU.Build.0 = Release|Any CPU
	EndGlobalSection
	GlobalSection(SolutionProperties) = preSolution
		HideSolutionNode = FALSE
	EndGlobalSection
	GlobalSection(ExtensibilityGlobals) = postSolution
		SolutionGuid = {B0E02B8B-4B12-4096-A6C4-489B95CA807F}
	EndGlobalSection
EndGlobal
